# THIS IS AN AUTOGENERATED FILE. DO NOT EDIT THIS FILE DIRECTLY.
# yarn lockfile v1


commander@~2.14.1:
  version "2.14.1"
  resolved "https://registry.yarnpkg.com/commander/-/commander-2.14.1.tgz#2235123e37af8ca3c65df45b026dbd357b01b9aa"

jscrush@0.0.0:
  version "0.0.0"
  resolved "https://registry.yarnpkg.com/jscrush/-/jscrush-0.0.0.tgz#adbf5ca0cb8c085bcd7e69c2287b2b975c89d030"

source-map@~0.6.1:
  version "0.6.1"
  resolved "https://registry.yarnpkg.com/source-map/-/source-map-0.6.1.tgz#74722af32e9614e9c287a8d0bbde48b5e2f1a263"

uglify-js@^3.3.10:
  version "3.3.11"
  resolved "https://registry.yarnpkg.com/uglify-js/-/uglify-js-3.3.11.tgz#e9d058b20715138bb4e8e5cae2ea581686bdaae3"
  dependencies:
    commander "~2.14.1"
    source-map "~0.6.1"
